
Microsoft Visual Studio Solution File, Format Version 12.00
# Visual Studio Version 16
VisualStudioVersion = 16.0.30907.101
MinimumVisualStudioVersion = 10.0.40219.1
Project("{FAE04EC0-301F-11D3-BF4B-00C04F79EFBC}") = "RoutingWithBikes", "RoutingWithBikes.csproj", "{3B19F6D6-FF18-4190-BA53-446C0A7BD14E}"
EndProject
Project("{FAE04EC0-301F-11D3-BF4B-00C04F79EFBC}") = "Launch_Routing", "..\Launch_Routing\Launch_Routing.csproj", "{09E63795-3ABD-4719-A62C-CC0BB0F8E229}"
EndProject
Global
	GlobalSection(SolutionConfigurationPlatforms) = preSolution
		Debug|Any CPU = Debug|Any CPU
		Release|Any CPU = Release|Any CPU
	EndGlobalSection
	GlobalSection(ProjectConfigurationPlatforms) = postSolution
		{3B19F6D6-FF18-4190-BA53-446C0A7BD14E}.Debug|Any CPU.ActiveCfg = Debug|Any CPU
		{3B19F6D6-FF18-4190-BA53-446C0A7BD14E}.Debug|Any CPU.Build.0 = Debug|Any CPU
		{3B19F6D6-FF18-4190-BA53-446C0A7BD14E}.Release|Any CPU.ActiveCfg = Release|Any CPU
		{3B19F6D6-FF18-4190-BA53-446C0A7BD14E}.Release|Any CPU.Build.0 = Release|Any CPU
		{09E63795-3ABD-4719-A62C-CC0BB0F8E229}.Debug|Any CPU.ActiveCfg = Debug|Any CPU
		{09E63795-3ABD-4719-A62C-CC0BB0F8E229}.Debug|Any CPU.Build.0 = Debug|Any CPU
		{09E63795-3ABD-4719-A62C-CC0BB0F8E229}.Release|Any CPU.ActiveCfg = Release|Any CPU
		{09E63795-3ABD-4719-A62C-CC0BB0F8E229}.Release|Any CPU.Build.0 = Release|Any CPU
	EndGlobalSection
	GlobalSection(SolutionProperties) = preSolution
		HideSolutionNode = FALSE
	EndGlobalSection
	GlobalSection(ExtensibilityGlobals) = postSolution
		SolutionGuid = {D44D322F-1E9D-492B-9A50-9D06B31775AD}
	EndGlobalSection
EndGlobal
